plugin: localgov_publications_page_header_block
region: content_top
weight: -6
settings:
  label: 'Publications page header block.'
  label_display: '0'
  provider: localgov_publications
  context_mapping:
    node: '@node.node_route_context:node'
visibility:
  'entity_bundle:node':
    id: 'entity_bundle:node'
    negate: false
    context_mapping:
      node: '@node.node_route_context:node'
    bundles:
      localgov_publication_cover_page: localgov_publication_cover_page
      localgov_publication_page: localgov_publication_page
