uuid: 48ae6853-6665-44b5-b240-0e0b14ebd673
langcode: en
status: true
dependencies:
  module:
    - localgov_publications
    - node
  theme:
    - localgov_scarfolk
_core:
  default_config_hash: IX1ssbaAKtJIKPLw4YFQGWBb4S4wBidc-BFF3rirzFg
id: localgov_publications_toc_block
theme: localgov_scarfolk
region: sidebar_first
weight: 0
provider: null
plugin: localgov_publications_toc_block
settings:
  id: localgov_publications_toc_block
  label: 'On this page'
  label_display: visible
  provider: localgov_publications
  context_mapping:
    node: '@node.node_route_context:node'
visibility:
  'entity_bundle:node':
    id: 'entity_bundle:node'
    negate: false
    context_mapping:
      node: '@node.node_route_context:node'
    bundles:
      localgov_publication_page: localgov_publication_page
      publication: publication
